# THIS IS AN AUTOGENERATED FILE. DO NOT EDIT THIS FILE DIRECTLY.
# yarn lockfile v1


"@types/k6@^0.46.2":
  version "0.46.2"
  resolved "https://registry.npmmirror.com/@types/k6/-/k6-0.46.2.tgz#5b27de2aba666f0bbdc37f8812a64b2a9deb1535"
  integrity sha512-T1LU04YzrmcsTVOtFFL0wn0TPzvX08XNbmUJAIziR0J+4HO3IwN4t/X20y16+qZY7Aac141lYWje6QIIrbmmKg==

"@types/node@^20.8.2":
  version "20.8.2"
  resolved "https://registry.npmmirror.com/@types/node/-/node-20.8.2.tgz#d76fb80d87d0d8abfe334fc6d292e83e5524efc4"
  integrity sha512-Vvycsc9FQdwhxE3y3DzeIxuEJbWGDsnrxvMADzTDF/lcdR9/K+AQIeAghTQsHtotg/q0j3WEOYS/jQgSdWue3w==

k6@^0.0.0:
  version "0.0.0"
  resolved "https://registry.npmmirror.com/k6/-/k6-0.0.0.tgz#8c923200be0a68c578e8f5a32be96b1d8065cc3b"
  integrity sha512-GAQSWayS2+LjbH5bkRi+pMPYyP1JSp7o+4j58ANZ762N/RH/SdlAT3CHHztnn8s/xgg8kYNM24Gd2IPo9b5W+g==
