{
    "name": "route",
    "version": "1.0.0",
    "lockfileVersion": 2,
    "requires": true,
    "packages": {
        "": {
            "name": "route",
            "version": "1.0.0",
            "dependencies": {
                "flatbuffers": "file:../flatbuffers-js"
            },
            "devDependencies": {
                "typescript": "^4.7.4"
            }
        },
        "../flatbuffers-js": {
            "name": "flatbuffers",
            "version": "1.0.0",
            "devDependencies": {
                "typescript": "^4.7.4"
            }
        },
        "node_modules/flatbuffers": {
            "resolved": "../flatbuffers-js",
            "link": true
        },
        "node_modules/typescript": {
            "version": "4.7.4",
            "dev": true,
            "license": "Apache-2.0",
            "bin": {
                "tsc": "bin/tsc",
                "tsserver": "bin/tsserver"
            },
            "engines": {
                "node": ">=4.2.0"
            }
        }
    },
    "dependencies": {
        "flatbuffers": {
            "version": "file:../flatbuffers-js",
            "requires": {
                "typescript": "^4.7.4"
            }
        },
        "typescript": {
            "version": "4.7.4",
            "dev": true
        }
    }
}
